
Microsoft Visual Studio Solution File, Format Version 12.00
# Visual Studio Version 17
VisualStudioVersion = 17.0.32112.339
MinimumVisualStudioVersion = 10.0.40219.1
Project("{FAE04EC0-301F-11D3-BF4B-00C04F79EFBC}") = "SaveImage.Android", "SaveImage\SaveImage.Android\SaveImage.Android.csproj", "{98207B9E-8D43-4218-BAE5-D0442FFB2B04}"
EndProject
Project("{FAE04EC0-301F-11D3-BF4B-00C04F79EFBC}") = "SaveImage", "SaveImage\SaveImage\SaveImage.csproj", "{E6CB7B6B-378F-4272-BA8F-59CC3947FAB9}"
EndProject
Global
	GlobalSection(SolutionConfigurationPlatforms) = preSolution
		Debug|Any CPU = Debug|Any CPU
		Release|Any CPU = Release|Any CPU
	EndGlobalSection
	GlobalSection(ProjectConfigurationPlatforms) = postSolution
		{98207B9E-8D43-4218-BAE5-D0442FFB2B04}.Debug|Any CPU.ActiveCfg = Debug|Any CPU
		{98207B9E-8D43-4218-BAE5-D0442FFB2B04}.Debug|Any CPU.Build.0 = Debug|Any CPU
		{98207B9E-8D43-4218-BAE5-D0442FFB2B04}.Debug|Any CPU.Deploy.0 = Debug|Any CPU
		{98207B9E-8D43-4218-BAE5-D0442FFB2B04}.Release|Any CPU.ActiveCfg = Release|Any CPU
		{98207B9E-8D43-4218-BAE5-D0442FFB2B04}.Release|Any CPU.Build.0 = Release|Any CPU
		{98207B9E-8D43-4218-BAE5-D0442FFB2B04}.Release|Any CPU.Deploy.0 = Release|Any CPU
		{E6CB7B6B-378F-4272-BA8F-59CC3947FAB9}.Debug|Any CPU.ActiveCfg = Debug|Any CPU
		{E6CB7B6B-378F-4272-BA8F-59CC3947FAB9}.Debug|Any CPU.Build.0 = Debug|Any CPU
		{E6CB7B6B-378F-4272-BA8F-59CC3947FAB9}.Debug|Any CPU.Deploy.0 = Debug|Any CPU
		{E6CB7B6B-378F-4272-BA8F-59CC3947FAB9}.Release|Any CPU.ActiveCfg = Release|Any CPU
		{E6CB7B6B-378F-4272-BA8F-59CC3947FAB9}.Release|Any CPU.Build.0 = Release|Any CPU
		{E6CB7B6B-378F-4272-BA8F-59CC3947FAB9}.Release|Any CPU.Deploy.0 = Release|Any CPU
	EndGlobalSection
	GlobalSection(SolutionProperties) = preSolution
		HideSolutionNode = FALSE
	EndGlobalSection
	GlobalSection(ExtensibilityGlobals) = postSolution
		SolutionGuid = {AA4B43C0-521A-406A-8DB6-FA0693440EF8}
	EndGlobalSection
EndGlobal
